
Microsoft Visual Studio Solution File, Format Version 12.00
# Visual Studio 15
VisualStudioVersion = 15.0.27703.2026
MinimumVisualStudioVersion = 10.0.40219.1
Project("{FAE04EC0-301F-11D3-BF4B-00C04F79EFBC}") = "Vidly", "Vidly\Vidly.csproj", "{C931EAFB-934D-42EE-AD03-F73C3F60EFA1}"
EndProject
Global
	GlobalSection(SolutionConfigurationPlatforms) = preSolution
		Debug|Any CPU = Debug|Any CPU
		Release|Any CPU = Release|Any CPU
		Testing|Any CPU = Testing|Any CPU
	EndGlobalSection
	GlobalSection(ProjectConfigurationPlatforms) = postSolution
		{C931EAFB-934D-42EE-AD03-F73C3F60EFA1}.Debug|Any CPU.ActiveCfg = Debug|Any CPU
		{C931EAFB-934D-42EE-AD03-F73C3F60EFA1}.Debug|Any CPU.Build.0 = Debug|Any CPU
		{C931EAFB-934D-42EE-AD03-F73C3F60EFA1}.Release|Any CPU.ActiveCfg = Release|Any CPU
		{C931EAFB-934D-42EE-AD03-F73C3F60EFA1}.Release|Any CPU.Build.0 = Release|Any CPU
		{C931EAFB-934D-42EE-AD03-F73C3F60EFA1}.Testing|Any CPU.ActiveCfg = Testing|Any CPU
		{C931EAFB-934D-42EE-AD03-F73C3F60EFA1}.Testing|Any CPU.Build.0 = Testing|Any CPU
	EndGlobalSection
	GlobalSection(SolutionProperties) = preSolution
		HideSolutionNode = FALSE
	EndGlobalSection
	GlobalSection(ExtensibilityGlobals) = postSolution
		SolutionGuid = {5961FF49-5E5D-4357-A2FC-E531E57CB1CE}
	EndGlobalSection
EndGlobal
